<?xml version="1.0" encoding="utf-8"?>
<Project ToolsVersion="4.0" xmlns="http://schemas.microsoft.com/developer/msbuild/2003">
  <ItemGroup>
    <Filter Include="Source Files">
      <UniqueIdentifier>{4FC737F1-C7A5-4376-A066-2A32D752A2FF}</UniqueIdentifier>
      <Extensions>cpp;c;cc;cxx;def;odl;idl;hpj;bat;asm;asmx</Extensions>
    </Filter>
    <Filter Include="Header Files">
      <UniqueIdentifier>{93995380-89BD-4b04-88EB-625FBE52EBFB}</UniqueIdentifier>
      <Extensions>h;hh;hpp;hxx;hm;inl;inc;ipp;xsd</Extensions>
    </Filter>
    <Filter Include="Application">
      <UniqueIdentifier>{2c742ae2-ef31-454a-b137-cfdbeced5493}</UniqueIdentifier>
    </Filter>
    <Filter Include="Ship">
      <UniqueIdentifier>{ae229015-cb39-416b-8533-72cddb930d1d}</UniqueIdentifier>
    </Filter>
    <Filter Include="Resources">
      <UniqueIdentifier>{6ad7fe5b-f831-4c84-9e77-9f5989d9bf0b}</UniqueIdentifier>
    </Filter>
    <Filter Include="Ship\Base">
      <UniqueIdentifier>{ded00f16-47b7-4f14-808b-1fdc82135afe}</UniqueIdentifier>
    </Filter>
  </ItemGroup>
  <ItemGroup>
    <ClInclude Include="App.h">
      <Filter>Application</Filter>
    </ClInclude>
    <ClInclude Include="Player.h">
      <Filter>Header Files</Filter>
    </ClInclude>
    <ClInclude Include="Ship.h">
      <Filter>Ship</Filter>
    </ClInclude>
    <ClInclude Include="Hull.h">
      <Filter>Ship</Filter>
    </ClInclude>
    <ClInclude Include="Mast.h">
      <Filter>Ship</Filter>
    </ClInclude>
    <ClInclude Include="Cannons.h">
      <Filter>Ship</Filter>
    </ClInclude>
    <ClInclude Include="AppstateEnum.h">
      <Filter>Resources</Filter>
    </ClInclude>
    <ClInclude Include="pch.h">
      <Filter>Resources</Filter>
    </ClInclude>
    <ClInclude Include="ConstDefinitions.h">
      <Filter>Resources</Filter>
    </ClInclude>
    <ClInclude Include="resource.h">
      <Filter>Resources</Filter>
    </ClInclude>
    <ClInclude Include="ShipComponent.h">
      <Filter>Ship\Base</Filter>
    </ClInclude>
  </ItemGroup>
  <ItemGroup>
    <ClCompile Include="DrunkenPirates.cpp">
      <Filter>Source Files</Filter>
    </ClCompile>
    <ClCompile Include="App.cpp">
      <Filter>Application</Filter>
    </ClCompile>
    <ClCompile Include="Player.cpp">
      <Filter>Source Files</Filter>
    </ClCompile>
    <ClCompile Include="Ship.cpp">
      <Filter>Ship</Filter>
    </ClCompile>
    <ClCompile Include="Hull.cpp">
      <Filter>Ship</Filter>
    </ClCompile>
    <ClCompile Include="Mast.cpp">
      <Filter>Ship</Filter>
    </ClCompile>
    <ClCompile Include="Cannons.cpp">
      <Filter>Ship</Filter>
    </ClCompile>
    <ClCompile Include="pch.cpp">
      <Filter>Resources</Filter>
    </ClCompile>
    <ClCompile Include="ShipComponent.cpp">
      <Filter>Ship\Base</Filter>
    </ClCompile>
  </ItemGroup>
</Project>